schema: '2.0'
stages:
  preprocess:
    cmd: python services/preprocessing/preprocessing.py
    deps:
    - path: data/raw
      hash: md5
      md5: 1fa52dc037f0c653778c6722e221c683.dir
      size: 7623837
      nfiles: 1
    - path: services/preprocessing/preprocessing.py
      hash: md5
      md5: 06c7291f47247c6ec51d5d2a04b6d8a0
      size: 3740
    outs:
    - path: data/processed
      hash: md5
      md5: 092e1557043e43d4e4c345a00e11d64f.dir
      size: 1152512
      nfiles: 4
  train:
    cmd: "python services/model_training/train.py --data_path data/processed --model_path
      models/epilepsy_model.keras --metrics_path metrics/model_metrics.json --epochs
      10 --batch_size 15\n"
    deps:
    - path: data/processed
      hash: md5
      md5: 092e1557043e43d4e4c345a00e11d64f.dir
      size: 1152512
      nfiles: 4
    - path: services/model_training/train.py
      hash: md5
      md5: 8225f845d4674c4d7c6ab8addafb69a0
      size: 3801
    outs:
    - path: metrics
      hash: md5
      md5: 4520abc4144aa5380bba607b0bc5c6ee.dir
      size: 265
      nfiles: 1
    - path: models
      hash: md5
      md5: 54d2293bfd0798482d2888be4e1b6afe.dir
      size: 515659
      nfiles: 1
  evaluate:
    cmd: python services/evaluate/evaluate.py
    deps:
    - path: metrics
      hash: md5
      md5: 4520abc4144aa5380bba607b0bc5c6ee.dir
      size: 265
      nfiles: 1
    - path: models
      hash: md5
      md5: 54d2293bfd0798482d2888be4e1b6afe.dir
      size: 515659
      nfiles: 1
    - path: services/evaluate/evaluate.py
      hash: md5
      md5: 95393fdf945eae48c892d36a67ba6f10
      size: 3647
